<?xml version="1.0" encoding="utf-8"?>
<Project ToolsVersion="4.0" xmlns="http://schemas.microsoft.com/developer/msbuild/2003">
  <ItemGroup>
    <Filter Include="Source Files">
      <UniqueIdentifier>{4FC737F1-C7A5-4376-A066-2A32D752A2FF}</UniqueIdentifier>
      <Extensions>cpp;c;cc;cxx;def;odl;idl;hpj;bat;asm;asmx</Extensions>
    </Filter>
    <Filter Include="Header Files">
      <UniqueIdentifier>{93995380-89BD-4b04-88EB-625FBE52EBFB}</UniqueIdentifier>
      <Extensions>h;hh;hpp;hxx;hm;inl;inc;xsd</Extensions>
    </Filter>
    <Filter Include="Resource Files">
      <UniqueIdentifier>{67DA6AB6-F800-4c08-8B7A-83BB121AAD01}</UniqueIdentifier>
      <Extensions>rc;ico;cur;bmp;dlg;rc2;rct;bin;rgs;gif;jpg;jpeg;jpe;resx;tiff;tif;png;wav;mfcribbon-ms</Extensions>
    </Filter>
    <Filter Include="Source Files\Game">
      <UniqueIdentifier>{42f05ca1-04a5-49c6-8e8f-cae5a0a806c4}</UniqueIdentifier>
    </Filter>
    <Filter Include="Header Files\Rendering System">
      <UniqueIdentifier>{ce392000-16b4-46c5-9f32-4c17ec680776}</UniqueIdentifier>
    </Filter>
    <Filter Include="Header Files\CompSysTestClasses">
      <UniqueIdentifier>{9b498d4e-5b46-4212-b4a1-2f124caa7c5e}</UniqueIdentifier>
    </Filter>
    <Filter Include="Header Files\Utilities">
      <UniqueIdentifier>{b35e5da8-4f7f-4469-a51b-563369dd4b9a}</UniqueIdentifier>
    </Filter>
    <Filter Include="Header Files\Camera">
      <UniqueIdentifier>{e1d46a45-10fa-43e0-807e-7b8e83a62fc9}</UniqueIdentifier>
    </Filter>
    <Filter Include="Header Files\Movement">
      <UniqueIdentifier>{b4d31123-7bea-48fa-baa8-31a25490b6f8}</UniqueIdentifier>
    </Filter>
  </ItemGroup>
  <ItemGroup>
    <ClInclude Include="Component.h">
      <Filter>Header Files</Filter>
    </ClInclude>
    <ClInclude Include="GameObject.h">
      <Filter>Header Files</Filter>
    </ClInclude>
    <ClInclude Include="Object.h">
      <Filter>Header Files</Filter>
    </ClInclude>
    <ClInclude Include="openglRenderer.h">
      <Filter>Header Files\Rendering System</Filter>
    </ClInclude>
    <ClInclude Include="RenderingSystem.h">
      <Filter>Header Files\Rendering System</Filter>
    </ClInclude>
    <ClInclude Include="TestComponent.h">
      <Filter>Header Files\CompSysTestClasses</Filter>
    </ClInclude>
    <ClInclude Include="InteractiveTestComponent.h">
      <Filter>Header Files\CompSysTestClasses</Filter>
    </ClInclude>
    <ClInclude Include="AssimpLoader.h">
      <Filter>Header Files\Utilities</Filter>
    </ClInclude>
    <ClInclude Include="OpenglUtils.h">
      <Filter>Header Files\Utilities</Filter>
    </ClInclude>
    <ClInclude Include="MeshComponent.h">
      <Filter>Source Files</Filter>
    </ClInclude>
    <ClInclude Include="SDLGLTextureLoader.h">
      <Filter>Header Files\Utilities</Filter>
    </ClInclude>
    <ClInclude Include="CameraComponent.h">
      <Filter>Header Files\Camera</Filter>
    </ClInclude>
    <ClInclude Include="InputSystem.h">
      <Filter>Header Files\Movement</Filter>
    </ClInclude>
    <ClInclude Include="MovementComponent.h">
      <Filter>Header Files\Movement</Filter>
    </ClInclude>
    <ClInclude Include="SDLInputSystem.h">
      <Filter>Header Files\Movement</Filter>
    </ClInclude>
    <ClInclude Include="System.h">
      <Filter>Header Files\Movement</Filter>
    </ClInclude>
    <ClInclude Include="Collisions.h">
      <Filter>Source Files</Filter>
    </ClInclude>
  </ItemGroup>
  <ItemGroup>
    <ClCompile Include="Component.cpp">
      <Filter>Source Files</Filter>
    </ClCompile>
    <ClCompile Include="GameObject.cpp">
      <Filter>Source Files</Filter>
    </ClCompile>
    <ClCompile Include="TestComponent.cpp">
      <Filter>Header Files\CompSysTestClasses</Filter>
    </ClCompile>
    <ClCompile Include="InteractiveTestComponent.cpp">
      <Filter>Header Files\CompSysTestClasses</Filter>
    </ClCompile>
    <ClCompile Include="main.cpp">
      <Filter>Source Files\Game</Filter>
    </ClCompile>
    <ClCompile Include="openglRenderer.cpp">
      <Filter>Header Files\Rendering System</Filter>
    </ClCompile>
    <ClCompile Include="AssimpLoader.cpp">
      <Filter>Header Files\Utilities</Filter>
    </ClCompile>
    <ClCompile Include="OpenglUtils.cpp">
      <Filter>Header Files\Utilities</Filter>
    </ClCompile>
    <ClCompile Include="MeshComponent.cpp">
      <Filter>Source Files</Filter>
    </ClCompile>
    <ClCompile Include="SDLGLTextureLoader.cpp">
      <Filter>Header Files\Utilities</Filter>
    </ClCompile>
    <ClCompile Include="CameraComponent.cpp">
      <Filter>Header Files\Camera</Filter>
    </ClCompile>
    <ClCompile Include="MovementComponent.cpp">
      <Filter>Header Files\Movement</Filter>
    </ClCompile>
    <ClCompile Include="SDLInputSystem.cpp">
      <Filter>Header Files\Movement</Filter>
    </ClCompile>
    <ClCompile Include="Collisions.cpp">
      <Filter>Source Files</Filter>
    </ClCompile>
  </ItemGroup>
  <ItemGroup>
    <None Include="textured.frag">
      <Filter>Resource Files</Filter>
    </None>
    <None Include="minimal.frag">
      <Filter>Resource Files</Filter>
    </None>
    <None Include="minimal.vert">
      <Filter>Resource Files</Filter>
    </None>
  </ItemGroup>
  <ItemGroup>
    <Xml Include="textured.vert">
      <Filter>Resource Files</Filter>
    </Xml>
  </ItemGroup>
</Project>